// !$*UTF8*$!
{
	archiveVersion = 1;
	classes = {
	};
	objectVersion = 56;
	objects = {

/* Begin PBXBuildFile section */
		9269F73329583475001C8DE1 /* NetworkService.swift in Sources */ = {isa = PBXBuildFile; fileRef = 9269F73229583475001C8DE1 /* NetworkService.swift */; };
		92C3680129545BCA001EC68C /* AppDelegate.swift in Sources */ = {isa = PBXBuildFile; fileRef = 92C3680029545BCA001EC68C /* AppDelegate.swift */; };
		92C3680329545BCA001EC68C /* SceneDelegate.swift in Sources */ = {isa = PBXBuildFile; fileRef = 92C3680229545BCA001EC68C /* SceneDelegate.swift */; };
		92C3680529545BCA001EC68C /* ViewController.swift in Sources */ = {isa = PBXBuildFile; fileRef = 92C3680429545BCA001EC68C /* ViewController.swift */; };
		92C3680829545BCA001EC68C /* Main.storyboard in Resources */ = {isa = PBXBuildFile; fileRef = 92C3680629545BCA001EC68C /* Main.storyboard */; };
		92C3680A29545BCB001EC68C /* Assets.xcassets in Resources */ = {isa = PBXBuildFile; fileRef = 92C3680929545BCB001EC68C /* Assets.xcassets */; };
		92C3680D29545BCB001EC68C /* LaunchScreen.storyboard in Resources */ = {isa = PBXBuildFile; fileRef = 92C3680B29545BCB001EC68C /* LaunchScreen.storyboard */; };
		92C3681629545C81001EC68C /* MovieTableViewCell.swift in Sources */ = {isa = PBXBuildFile; fileRef = 92C3681429545C81001EC68C /* MovieTableViewCell.swift */; };
		92C3681729545C81001EC68C /* MovieTableViewCell.xib in Resources */ = {isa = PBXBuildFile; fileRef = 92C3681529545C81001EC68C /* MovieTableViewCell.xib */; };
		92C3681929545EC8001EC68C /* MovieModel.swift in Sources */ = {isa = PBXBuildFile; fileRef = 92C3681829545EC8001EC68C /* MovieModel.swift */; };
		92C3681D295463D6001EC68C /* ImageDownloader.swift in Sources */ = {isa = PBXBuildFile; fileRef = 92C3681C295463D6001EC68C /* ImageDownloader.swift */; };
/* End PBXBuildFile section */

/* Begin PBXFileReference section */
		9269F73229583475001C8DE1 /* NetworkService.swift */ = {isa = PBXFileReference; lastKnownFileType = sourcecode.swift; path = NetworkService.swift; sourceTree = "<group>"; };
		92C367FD29545BCA001EC68C /* Download-Image-Concurrency.app */ = {isa = PBXFileReference; explicitFileType = wrapper.application; includeInIndex = 0; path = "Download-Image-Concurrency.app"; sourceTree = BUILT_PRODUCTS_DIR; };
		92C3680029545BCA001EC68C /* AppDelegate.swift */ = {isa = PBXFileReference; lastKnownFileType = sourcecode.swift; path = AppDelegate.swift; sourceTree = "<group>"; };
		92C3680229545BCA001EC68C /* SceneDelegate.swift */ = {isa = PBXFileReference; lastKnownFileType = sourcecode.swift; path = SceneDelegate.swift; sourceTree = "<group>"; };
		92C3680429545BCA001EC68C /* ViewController.swift */ = {isa = PBXFileReference; lastKnownFileType = sourcecode.swift; path = ViewController.swift; sourceTree = "<group>"; };
		92C3680729545BCA001EC68C /* Base */ = {isa = PBXFileReference; lastKnownFileType = file.storyboard; name = Base; path = Base.lproj/Main.storyboard; sourceTree = "<group>"; };
		92C3680929545BCB001EC68C /* Assets.xcassets */ = {isa = PBXFileReference; lastKnownFileType = folder.assetcatalog; path = Assets.xcassets; sourceTree = "<group>"; };
		92C3680C29545BCB001EC68C /* Base */ = {isa = PBXFileReference; lastKnownFileType = file.storyboard; name = Base; path = Base.lproj/LaunchScreen.storyboard; sourceTree = "<group>"; };
		92C3680E29545BCB001EC68C /* Info.plist */ = {isa = PBXFileReference; lastKnownFileType = text.plist.xml; path = Info.plist; sourceTree = "<group>"; };
		92C3681429545C81001EC68C /* MovieTableViewCell.swift */ = {isa = PBXFileReference; lastKnownFileType = sourcecode.swift; path = MovieTableViewCell.swift; sourceTree = "<group>"; };
		92C3681529545C81001EC68C /* MovieTableViewCell.xib */ = {isa = PBXFileReference; lastKnownFileType = file.xib; path = MovieTableViewCell.xib; sourceTree = "<group>"; };
		92C3681829545EC8001EC68C /* MovieModel.swift */ = {isa = PBXFileReference; lastKnownFileType = sourcecode.swift; path = MovieModel.swift; sourceTree = "<group>"; };
		92C3681C295463D6001EC68C /* ImageDownloader.swift */ = {isa = PBXFileReference; lastKnownFileType = sourcecode.swift; path = ImageDownloader.swift; sourceTree = "<group>"; };
/* End PBXFileReference section */

/* Begin PBXFrameworksBuildPhase section */
		92C367FA29545BCA001EC68C /* Frameworks */ = {
			isa = PBXFrameworksBuildPhase;
			buildActionMask = 2147483647;
			files = (
			);
			runOnlyForDeploymentPostprocessing = 0;
		};
/* End PBXFrameworksBuildPhase section */

/* Begin PBXGroup section */
		9269F72E29582FA0001C8DE1 /* App */ = {
			isa = PBXGroup;
			children = (
				92C3680029545BCA001EC68C /* AppDelegate.swift */,
				92C3680229545BCA001EC68C /* SceneDelegate.swift */,
			);
			path = App;
			sourceTree = "<group>";
		};
		9269F72F29582FAB001C8DE1 /* FileSystem */ = {
			isa = PBXGroup;
			children = (
				92C3680E29545BCB001EC68C /* Info.plist */,
				92C3680B29545BCB001EC68C /* LaunchScreen.storyboard */,
				92C3680929545BCB001EC68C /* Assets.xcassets */,
			);
			path = FileSystem;
			sourceTree = "<group>";
		};
		9269F73029582FBB001C8DE1 /* View */ = {
			isa = PBXGroup;
			children = (
				92C3681529545C81001EC68C /* MovieTableViewCell.xib */,
				92C3680629545BCA001EC68C /* Main.storyboard */,
				92C3681429545C81001EC68C /* MovieTableViewCell.swift */,
				92C3680429545BCA001EC68C /* ViewController.swift */,
			);
			path = View;
			sourceTree = "<group>";
		};
		9269F73129582FCE001C8DE1 /* NetworkSource */ = {
			isa = PBXGroup;
			children = (
				92C3681C295463D6001EC68C /* ImageDownloader.swift */,
				92C3681829545EC8001EC68C /* MovieModel.swift */,
				9269F73229583475001C8DE1 /* NetworkService.swift */,
			);
			path = NetworkSource;
			sourceTree = "<group>";
		};
		92C367F429545BCA001EC68C = {
			isa = PBXGroup;
			children = (
				92C367FF29545BCA001EC68C /* Download-Image-Concurrency */,
				92C367FE29545BCA001EC68C /* Products */,
			);
			sourceTree = "<group>";
		};
		92C367FE29545BCA001EC68C /* Products */ = {
			isa = PBXGroup;
			children = (
				92C367FD29545BCA001EC68C /* Download-Image-Concurrency.app */,
			);
			name = Products;
			sourceTree = "<group>";
		};
		92C367FF29545BCA001EC68C /* Download-Image-Concurrency */ = {
			isa = PBXGroup;
			children = (
				9269F73129582FCE001C8DE1 /* NetworkSource */,
				9269F73029582FBB001C8DE1 /* View */,
				9269F72F29582FAB001C8DE1 /* FileSystem */,
				9269F72E29582FA0001C8DE1 /* App */,
			);
			path = "Download-Image-Concurrency";
			sourceTree = "<group>";
		};
/* End PBXGroup section */

/* Begin PBXNativeTarget section */
		92C367FC29545BCA001EC68C /* Download-Image-Concurrency */ = {
			isa = PBXNativeTarget;
			buildConfigurationList = 92C3681129545BCB001EC68C /* Build configuration list for PBXNativeTarget "Download-Image-Concurrency" */;
			buildPhases = (
				92C367F929545BCA001EC68C /* Sources */,
				92C367FA29545BCA001EC68C /* Frameworks */,
				92C367FB29545BCA001EC68C /* Resources */,
			);
			buildRules = (
			);
			dependencies = (
			);
			name = "Download-Image-Concurrency";
			productName = "Download-Image-Concurrency";
			productReference = 92C367FD29545BCA001EC68C /* Download-Image-Concurrency.app */;
			productType = "com.apple.product-type.application";
		};
/* End PBXNativeTarget section */

/* Begin PBXProject section */
		92C367F529545BCA001EC68C /* Project object */ = {
			isa = PBXProject;
			attributes = {
				BuildIndependentTargetsInParallel = 1;
				LastSwiftUpdateCheck = 1400;
				LastUpgradeCheck = 1400;
				TargetAttributes = {
					92C367FC29545BCA001EC68C = {
						CreatedOnToolsVersion = 14.0.1;
					};
				};
			};
			buildConfigurationList = 92C367F829545BCA001EC68C /* Build configuration list for PBXProject "Download-Image-Concurrency" */;
			compatibilityVersion = "Xcode 14.0";
			developmentRegion = en;
			hasScannedForEncodings = 0;
			knownRegions = (
				en,
				Base,
			);
			mainGroup = 92C367F429545BCA001EC68C;
			productRefGroup = 92C367FE29545BCA001EC68C /* Products */;
			projectDirPath = "";
			projectRoot = "";
			targets = (
				92C367FC29545BCA001EC68C /* Download-Image-Concurrency */,
			);
		};
/* End PBXProject section */

/* Begin PBXResourcesBuildPhase section */
		92C367FB29545BCA001EC68C /* Resources */ = {
			isa = PBXResourcesBuildPhase;
			buildActionMask = 2147483647;
			files = (
				92C3680D29545BCB001EC68C /* LaunchScreen.storyboard in Resources */,
				92C3680A29545BCB001EC68C /* Assets.xcassets in Resources */,
				92C3681729545C81001EC68C /* MovieTableViewCell.xib in Resources */,
				92C3680829545BCA001EC68C /* Main.storyboard in Resources */,
			);
			runOnlyForDeploymentPostprocessing = 0;
		};
/* End PBXResourcesBuildPhase section */

/* Begin PBXSourcesBuildPhase section */
		92C367F929545BCA001EC68C /* Sources */ = {
			isa = PBXSourcesBuildPhase;
			buildActionMask = 2147483647;
			files = (
				92C3680529545BCA001EC68C /* ViewController.swift in Sources */,
				92C3680129545BCA001EC68C /* AppDelegate.swift in Sources */,
				92C3681929545EC8001EC68C /* MovieModel.swift in Sources */,
				92C3681629545C81001EC68C /* MovieTableViewCell.swift in Sources */,
				92C3681D295463D6001EC68C /* ImageDownloader.swift in Sources */,
				92C3680329545BCA001EC68C /* SceneDelegate.swift in Sources */,
				9269F73329583475001C8DE1 /* NetworkService.swift in Sources */,
			);
			runOnlyForDeploymentPostprocessing = 0;
		};
/* End PBXSourcesBuildPhase section */

/* Begin PBXVariantGroup section */
		92C3680629545BCA001EC68C /* Main.storyboard */ = {
			isa = PBXVariantGroup;
			children = (
				92C3680729545BCA001EC68C /* Base */,
			);
			name = Main.storyboard;
			sourceTree = "<group>";
		};
		92C3680B29545BCB001EC68C /* LaunchScreen.storyboard */ = {
			isa = PBXVariantGroup;
			children = (
				92C3680C29545BCB001EC68C /* Base */,
			);
			name = LaunchScreen.storyboard;
			sourceTree = "<group>";
		};
/* End PBXVariantGroup section */

/* Begin XCBuildConfiguration section */
		92C3680F29545BCB001EC68C /* Debug */ = {
			isa = XCBuildConfiguration;
			buildSettings = {
				ALWAYS_SEARCH_USER_PATHS = NO;
				CLANG_ANALYZER_NONNULL = YES;
				CLANG_ANALYZER_NUMBER_OBJECT_CONVERSION = YES_AGGRESSIVE;
				CLANG_CXX_LANGUAGE_STANDARD = "gnu++20";
				CLANG_ENABLE_MODULES = YES;
				CLANG_ENABLE_OBJC_ARC = YES;
				CLANG_ENABLE_OBJC_WEAK = YES;
				CLANG_WARN_BLOCK_CAPTURE_AUTORELEASING = YES;
				CLANG_WARN_BOOL_CONVERSION = YES;
				CLANG_WARN_COMMA = YES;
				CLANG_WARN_CONSTANT_CONVERSION = YES;
				CLANG_WARN_DEPRECATED_OBJC_IMPLEMENTATIONS = YES;
				CLANG_WARN_DIRECT_OBJC_ISA_USAGE = YES_ERROR;
				CLANG_WARN_DOCUMENTATION_COMMENTS = YES;
				CLANG_WARN_EMPTY_BODY = YES;
				CLANG_WARN_ENUM_CONVERSION = YES;
				CLANG_WARN_INFINITE_RECURSION = YES;
				CLANG_WARN_INT_CONVERSION = YES;
				CLANG_WARN_NON_LITERAL_NULL_CONVERSION = YES;
				CLANG_WARN_OBJC_IMPLICIT_RETAIN_SELF = YES;
				CLANG_WARN_OBJC_LITERAL_CONVERSION = YES;
				CLANG_WARN_OBJC_ROOT_CLASS = YES_ERROR;
				CLANG_WARN_QUOTED_INCLUDE_IN_FRAMEWORK_HEADER = YES;
				CLANG_WARN_RANGE_LOOP_ANALYSIS = YES;
				CLANG_WARN_STRICT_PROTOTYPES = YES;
				CLANG_WARN_SUSPICIOUS_MOVE = YES;
				CLANG_WARN_UNGUARDED_AVAILABILITY = YES_AGGRESSIVE;
				CLANG_WARN_UNREACHABLE_CODE = YES;
				CLANG_WARN__DUPLICATE_METHOD_MATCH = YES;
				COPY_PHASE_STRIP = NO;
				DEBUG_INFORMATION_FORMAT = dwarf;
				ENABLE_STRICT_OBJC_MSGSEND = YES;
				ENABLE_TESTABILITY = YES;
				GCC_C_LANGUAGE_STANDARD = gnu11;
				GCC_DYNAMIC_NO_PIC = NO;
				GCC_NO_COMMON_BLOCKS = YES;
				GCC_OPTIMIZATION_LEVEL = 0;
				GCC_PREPROCESSOR_DEFINITIONS = (
					"DEBUG=1",
					"$(inherited)",
				);
				GCC_WARN_64_TO_32_BIT_CONVERSION = YES;
				GCC_WARN_ABOUT_RETURN_TYPE = YES_ERROR;
				GCC_WARN_UNDECLARED_SELECTOR = YES;
				GCC_WARN_UNINITIALIZED_AUTOS = YES_AGGRESSIVE;
				GCC_WARN_UNUSED_FUNCTION = YES;
				GCC_WARN_UNUSED_VARIABLE = YES;
				IPHONEOS_DEPLOYMENT_TARGET = 16.0;
				MTL_ENABLE_DEBUG_INFO = INCLUDE_SOURCE;
				MTL_FAST_MATH = YES;
				ONLY_ACTIVE_ARCH = YES;
				SDKROOT = iphoneos;
				SWIFT_ACTIVE_COMPILATION_CONDITIONS = DEBUG;
				SWIFT_OPTIMIZATION_LEVEL = "-Onone";
			};
			name = Debug;
		};
		92C3681029545BCB001EC68C /* Release */ = {
			isa = XCBuildConfiguration;
			buildSettings = {
				ALWAYS_SEARCH_USER_PATHS = NO;
				CLANG_ANALYZER_NONNULL = YES;
				CLANG_ANALYZER_NUMBER_OBJECT_CONVERSION = YES_AGGRESSIVE;
				CLANG_CXX_LANGUAGE_STANDARD = "gnu++20";
				CLANG_ENABLE_MODULES = YES;
				CLANG_ENABLE_OBJC_ARC = YES;
				CLANG_ENABLE_OBJC_WEAK = YES;
				CLANG_WARN_BLOCK_CAPTURE_AUTORELEASING = YES;
				CLANG_WARN_BOOL_CONVERSION = YES;
				CLANG_WARN_COMMA = YES;
				CLANG_WARN_CONSTANT_CONVERSION = YES;
				CLANG_WARN_DEPRECATED_OBJC_IMPLEMENTATIONS = YES;
				CLANG_WARN_DIRECT_OBJC_ISA_USAGE = YES_ERROR;
				CLANG_WARN_DOCUMENTATION_COMMENTS = YES;
				CLANG_WARN_EMPTY_BODY = YES;
				CLANG_WARN_ENUM_CONVERSION = YES;
				CLANG_WARN_INFINITE_RECURSION = YES;
				CLANG_WARN_INT_CONVERSION = YES;
				CLANG_WARN_NON_LITERAL_NULL_CONVERSION = YES;
				CLANG_WARN_OBJC_IMPLICIT_RETAIN_SELF = YES;
				CLANG_WARN_OBJC_LITERAL_CONVERSION = YES;
				CLANG_WARN_OBJC_ROOT_CLASS = YES_ERROR;
				CLANG_WARN_QUOTED_INCLUDE_IN_FRAMEWORK_HEADER = YES;
				CLANG_WARN_RANGE_LOOP_ANALYSIS = YES;
				CLANG_WARN_STRICT_PROTOTYPES = YES;
				CLANG_WARN_SUSPICIOUS_MOVE = YES;
				CLANG_WARN_UNGUARDED_AVAILABILITY = YES_AGGRESSIVE;
				CLANG_WARN_UNREACHABLE_CODE = YES;
				CLANG_WARN__DUPLICATE_METHOD_MATCH = YES;
				COPY_PHASE_STRIP = NO;
				DEBUG_INFORMATION_FORMAT = "dwarf-with-dsym";
				ENABLE_NS_ASSERTIONS = NO;
				ENABLE_STRICT_OBJC_MSGSEND = YES;
				GCC_C_LANGUAGE_STANDARD = gnu11;
				GCC_NO_COMMON_BLOCKS = YES;
				GCC_WARN_64_TO_32_BIT_CONVERSION = YES;
				GCC_WARN_ABOUT_RETURN_TYPE = YES_ERROR;
				GCC_WARN_UNDECLARED_SELECTOR = YES;
				GCC_WARN_UNINITIALIZED_AUTOS = YES_AGGRESSIVE;
				GCC_WARN_UNUSED_FUNCTION = YES;
				GCC_WARN_UNUSED_VARIABLE = YES;
				IPHONEOS_DEPLOYMENT_TARGET = 16.0;
				MTL_ENABLE_DEBUG_INFO = NO;
				MTL_FAST_MATH = YES;
				SDKROOT = iphoneos;
				SWIFT_COMPILATION_MODE = wholemodule;
				SWIFT_OPTIMIZATION_LEVEL = "-O";
				VALIDATE_PRODUCT = YES;
			};
			name = Release;
		};
		92C3681229545BCB001EC68C /* Debug */ = {
			isa = XCBuildConfiguration;
			buildSettings = {
				ASSETCATALOG_COMPILER_APPICON_NAME = AppIcon;
				ASSETCATALOG_COMPILER_GLOBAL_ACCENT_COLOR_NAME = AccentColor;
				CODE_SIGN_STYLE = Automatic;
				CURRENT_PROJECT_VERSION = 1;
				DEVELOPMENT_TEAM = 9C5D635X2P;
				GENERATE_INFOPLIST_FILE = YES;
				INFOPLIST_FILE = "Download-Image-Concurrency/FileSystem/Info.plist";
				INFOPLIST_KEY_UIApplicationSupportsIndirectInputEvents = YES;
				INFOPLIST_KEY_UILaunchStoryboardName = LaunchScreen;
				INFOPLIST_KEY_UIMainStoryboardFile = Main;
				INFOPLIST_KEY_UISupportedInterfaceOrientations_iPad = "UIInterfaceOrientationPortrait UIInterfaceOrientationPortraitUpsideDown UIInterfaceOrientationLandscapeLeft UIInterfaceOrientationLandscapeRight";
				INFOPLIST_KEY_UISupportedInterfaceOrientations_iPhone = "UIInterfaceOrientationPortrait UIInterfaceOrientationLandscapeLeft UIInterfaceOrientationLandscapeRight";
				LD_RUNPATH_SEARCH_PATHS = (
					"$(inherited)",
					"@executable_path/Frameworks",
				);
				MARKETING_VERSION = 1.0;
				PRODUCT_BUNDLE_IDENTIFIER = "com.didinamarudin.id.Download-Image-Concurrency";
				PRODUCT_NAME = "$(TARGET_NAME)";
				SWIFT_EMIT_LOC_STRINGS = YES;
				SWIFT_VERSION = 5.0;
				TARGETED_DEVICE_FAMILY = "1,2";
			};
			name = Debug;
		};
		92C3681329545BCB001EC68C /* Release */ = {
			isa = XCBuildConfiguration;
			buildSettings = {
				ASSETCATALOG_COMPILER_APPICON_NAME = AppIcon;
				ASSETCATALOG_COMPILER_GLOBAL_ACCENT_COLOR_NAME = AccentColor;
				CODE_SIGN_STYLE = Automatic;
				CURRENT_PROJECT_VERSION = 1;
				DEVELOPMENT_TEAM = 9C5D635X2P;
				GENERATE_INFOPLIST_FILE = YES;
				INFOPLIST_FILE = "Download-Image-Concurrency/FileSystem/Info.plist";
				INFOPLIST_KEY_UIApplicationSupportsIndirectInputEvents = YES;
				INFOPLIST_KEY_UILaunchStoryboardName = LaunchScreen;
				INFOPLIST_KEY_UIMainStoryboardFile = Main;
				INFOPLIST_KEY_UISupportedInterfaceOrientations_iPad = "UIInterfaceOrientationPortrait UIInterfaceOrientationPortraitUpsideDown UIInterfaceOrientationLandscapeLeft UIInterfaceOrientationLandscapeRight";
				INFOPLIST_KEY_UISupportedInterfaceOrientations_iPhone = "UIInterfaceOrientationPortrait UIInterfaceOrientationLandscapeLeft UIInterfaceOrientationLandscapeRight";
				LD_RUNPATH_SEARCH_PATHS = (
					"$(inherited)",
					"@executable_path/Frameworks",
				);
				MARKETING_VERSION = 1.0;
				PRODUCT_BUNDLE_IDENTIFIER = "com.didinamarudin.id.Download-Image-Concurrency";
				PRODUCT_NAME = "$(TARGET_NAME)";
				SWIFT_EMIT_LOC_STRINGS = YES;
				SWIFT_VERSION = 5.0;
				TARGETED_DEVICE_FAMILY = "1,2";
			};
			name = Release;
		};
/* End XCBuildConfiguration section */

/* Begin XCConfigurationList section */
		92C367F829545BCA001EC68C /* Build configuration list for PBXProject "Download-Image-Concurrency" */ = {
			isa = XCConfigurationList;
			buildConfigurations = (
				92C3680F29545BCB001EC68C /* Debug */,
				92C3681029545BCB001EC68C /* Release */,
			);
			defaultConfigurationIsVisible = 0;
			defaultConfigurationName = Release;
		};
		92C3681129545BCB001EC68C /* Build configuration list for PBXNativeTarget "Download-Image-Concurrency" */ = {
			isa = XCConfigurationList;
			buildConfigurations = (
				92C3681229545BCB001EC68C /* Debug */,
				92C3681329545BCB001EC68C /* Release */,
			);
			defaultConfigurationIsVisible = 0;
			defaultConfigurationName = Release;
		};
/* End XCConfigurationList section */
	};
	rootObject = 92C367F529545BCA001EC68C /* Project object */;
}
